
Microsoft Visual Studio Solution File, Format Version 12.00
# Visual Studio 14
VisualStudioVersion = 14.0.25123.0
MinimumVisualStudioVersion = 10.0.40219.1
Project("{FAE04EC0-301F-11D3-BF4B-00C04F79EFBC}") = "MonopolyTest", "MonopolyTest\MonopolyTest.csproj", "{5BF7910B-5C2E-4480-A769-4A345E41B113}"
EndProject
Project("{FAE04EC0-301F-11D3-BF4B-00C04F79EFBC}") = "Monopoly", "Monopoly\Monopoly.csproj", "{9D67B214-9448-4BEB-B68B-F41DE2653EAB}"
EndProject
Global
	GlobalSection(SolutionConfigurationPlatforms) = preSolution
		Debug|Any CPU = Debug|Any CPU
		Release|Any CPU = Release|Any CPU
	EndGlobalSection
	GlobalSection(ProjectConfigurationPlatforms) = postSolution
		{5BF7910B-5C2E-4480-A769-4A345E41B113}.Debug|Any CPU.ActiveCfg = Debug|Any CPU
		{5BF7910B-5C2E-4480-A769-4A345E41B113}.Debug|Any CPU.Build.0 = Debug|Any CPU
		{5BF7910B-5C2E-4480-A769-4A345E41B113}.Release|Any CPU.ActiveCfg = Release|Any CPU
		{5BF7910B-5C2E-4480-A769-4A345E41B113}.Release|Any CPU.Build.0 = Release|Any CPU
		{9D67B214-9448-4BEB-B68B-F41DE2653EAB}.Debug|Any CPU.ActiveCfg = Debug|Any CPU
		{9D67B214-9448-4BEB-B68B-F41DE2653EAB}.Debug|Any CPU.Build.0 = Debug|Any CPU
		{9D67B214-9448-4BEB-B68B-F41DE2653EAB}.Release|Any CPU.ActiveCfg = Release|Any CPU
		{9D67B214-9448-4BEB-B68B-F41DE2653EAB}.Release|Any CPU.Build.0 = Release|Any CPU
	EndGlobalSection
	GlobalSection(SolutionProperties) = preSolution
		HideSolutionNode = FALSE
	EndGlobalSection
EndGlobal
